// !$*UTF8*$!
{
	archiveVersion = 1;
	classes = {
	};
	objectVersion = 46;
	objects = {

/* Begin PBXBuildFile section */
		0FEE1E111BADF9F200EDA718 /* main.m in Sources */ = {isa = PBXBuildFile; fileRef = 0FEE1E101BADF9F200EDA718 /* main.m */; };
		0FEE1E141BADF9F200EDA718 /* AppDelegate.m in Sources */ = {isa = PBXBuildFile; fileRef = 0FEE1E131BADF9F200EDA718 /* AppDelegate.m */; };
		0FEE1E171BADF9F200EDA718 /* ViewController.m in Sources */ = {isa = PBXBuildFile; fileRef = 0FEE1E161BADF9F200EDA718 /* ViewController.m */; };
		0FEE1E1A1BADF9F200EDA718 /* Main.storyboard in Resources */ = {isa = PBXBuildFile; fileRef = 0FEE1E181BADF9F200EDA718 /* Main.storyboard */; };
		0FEE1E1C1BADF9F200EDA718 /* Assets.xcassets in Resources */ = {isa = PBXBuildFile; fileRef = 0FEE1E1B1BADF9F200EDA718 /* Assets.xcassets */; };
		0FEE1E1F1BADF9F200EDA718 /* LaunchScreen.storyboard in Resources */ = {isa = PBXBuildFile; fileRef = 0FEE1E1D1BADF9F200EDA718 /* LaunchScreen.storyboard */; };
		0FEE1E2A1BADF9F200EDA718 /* PanaceaTutoringTests.m in Sources */ = {isa = PBXBuildFile; fileRef = 0FEE1E291BADF9F200EDA718 /* PanaceaTutoringTests.m */; };
		0FEE1E351BADF9F200EDA718 /* PanaceaTutoringUITests.m in Sources */ = {isa = PBXBuildFile; fileRef = 0FEE1E341BADF9F200EDA718 /* PanaceaTutoringUITests.m */; };
/* End PBXBuildFile section */

/* Begin PBXContainerItemProxy section */
		0FEE1E261BADF9F200EDA718 /* PBXContainerItemProxy */ = {
			isa = PBXContainerItemProxy;
			containerPortal = 0FEE1E041BADF9F200EDA718 /* Project object */;
			proxyType = 1;
			remoteGlobalIDString = 0FEE1E0B1BADF9F200EDA718;
			remoteInfo = PanaceaTutoring;
		};
		0FEE1E311BADF9F200EDA718 /* PBXContainerItemProxy */ = {
			isa = PBXContainerItemProxy;
			containerPortal = 0FEE1E041BADF9F200EDA718 /* Project object */;
			proxyType = 1;
			remoteGlobalIDString = 0FEE1E0B1BADF9F200EDA718;
			remoteInfo = PanaceaTutoring;
		};
/* End PBXContainerItemProxy section */

/* Begin PBXFileReference section */
		0FEE1E0C1BADF9F200EDA718 /* PanaceaTutoring.app */ = {isa = PBXFileReference; explicitFileType = wrapper.application; includeInIndex = 0; path = PanaceaTutoring.app; sourceTree = BUILT_PRODUCTS_DIR; };
		0FEE1E101BADF9F200EDA718 /* main.m */ = {isa = PBXFileReference; lastKnownFileType = sourcecode.c.objc; path = main.m; sourceTree = "<group>"; };
		0FEE1E121BADF9F200EDA718 /* AppDelegate.h */ = {isa = PBXFileReference; lastKnownFileType = sourcecode.c.h; path = AppDelegate.h; sourceTree = "<group>"; };
		0FEE1E131BADF9F200EDA718 /* AppDelegate.m */ = {isa = PBXFileReference; lastKnownFileType = sourcecode.c.objc; path = AppDelegate.m; sourceTree = "<group>"; };
		0FEE1E151BADF9F200EDA718 /* ViewController.h */ = {isa = PBXFileReference; lastKnownFileType = sourcecode.c.h; path = ViewController.h; sourceTree = "<group>"; };
		0FEE1E161BADF9F200EDA718 /* ViewController.m */ = {isa = PBXFileReference; lastKnownFileType = sourcecode.c.objc; path = ViewController.m; sourceTree = "<group>"; };
		0FEE1E191BADF9F200EDA718 /* Base */ = {isa = PBXFileReference; lastKnownFileType = file.storyboard; name = Base; path = Base.lproj/Main.storyboard; sourceTree = "<group>"; };
		0FEE1E1B1BADF9F200EDA718 /* Assets.xcassets */ = {isa = PBXFileReference; lastKnownFileType = folder.assetcatalog; path = Assets.xcassets; sourceTree = "<group>"; };
		0FEE1E1E1BADF9F200EDA718 /* Base */ = {isa = PBXFileReference; lastKnownFileType = file.storyboard; name = Base; path = Base.lproj/LaunchScreen.storyboard; sourceTree = "<group>"; };
		0FEE1E201BADF9F200EDA718 /* Info.plist */ = {isa = PBXFileReference; lastKnownFileType = text.plist.xml; path = Info.plist; sourceTree = "<group>"; };
		0FEE1E251BADF9F200EDA718 /* PanaceaTutoringTests.xctest */ = {isa = PBXFileReference; explicitFileType = wrapper.cfbundle; includeInIndex = 0; path = PanaceaTutoringTests.xctest; sourceTree = BUILT_PRODUCTS_DIR; };
		0FEE1E291BADF9F200EDA718 /* PanaceaTutoringTests.m */ = {isa = PBXFileReference; lastKnownFileType = sourcecode.c.objc; path = PanaceaTutoringTests.m; sourceTree = "<group>"; };
		0FEE1E2B1BADF9F200EDA718 /* Info.plist */ = {isa = PBXFileReference; lastKnownFileType = text.plist.xml; path = Info.plist; sourceTree = "<group>"; };
		0FEE1E301BADF9F200EDA718 /* PanaceaTutoringUITests.xctest */ = {isa = PBXFileReference; explicitFileType = wrapper.cfbundle; includeInIndex = 0; path = PanaceaTutoringUITests.xctest; sourceTree = BUILT_PRODUCTS_DIR; };
		0FEE1E341BADF9F200EDA718 /* PanaceaTutoringUITests.m */ = {isa = PBXFileReference; lastKnownFileType = sourcecode.c.objc; path = PanaceaTutoringUITests.m; sourceTree = "<group>"; };
		0FEE1E361BADF9F200EDA718 /* Info.plist */ = {isa = PBXFileReference; lastKnownFileType = text.plist.xml; path = Info.plist; sourceTree = "<group>"; };
/* End PBXFileReference section */

/* Begin PBXFrameworksBuildPhase section */
		0FEE1E091BADF9F200EDA718 /* Frameworks */ = {
			isa = PBXFrameworksBuildPhase;
			buildActionMask = 2147483647;
			files = (
			);
			runOnlyForDeploymentPostprocessing = 0;
		};
		0FEE1E221BADF9F200EDA718 /* Frameworks */ = {
			isa = PBXFrameworksBuildPhase;
			buildActionMask = 2147483647;
			files = (
			);
			runOnlyForDeploymentPostprocessing = 0;
		};
		0FEE1E2D1BADF9F200EDA718 /* Frameworks */ = {
			isa = PBXFrameworksBuildPhase;
			buildActionMask = 2147483647;
			files = (
			);
			runOnlyForDeploymentPostprocessing = 0;
		};
/* End PBXFrameworksBuildPhase section */

/* Begin PBXGroup section */
		0FEE1E031BADF9F200EDA718 = {
			isa = PBXGroup;
			children = (
				0FEE1E0E1BADF9F200EDA718 /* PanaceaTutoring */,
				0FEE1E281BADF9F200EDA718 /* PanaceaTutoringTests */,
				0FEE1E331BADF9F200EDA718 /* PanaceaTutoringUITests */,
				0FEE1E0D1BADF9F200EDA718 /* Products */,
			);
			sourceTree = "<group>";
		};
		0FEE1E0D1BADF9F200EDA718 /* Products */ = {
			isa = PBXGroup;
			children = (
				0FEE1E0C1BADF9F200EDA718 /* PanaceaTutoring.app */,
				0FEE1E251BADF9F200EDA718 /* PanaceaTutoringTests.xctest */,
				0FEE1E301BADF9F200EDA718 /* PanaceaTutoringUITests.xctest */,
			);
			name = Products;
			sourceTree = "<group>";
		};
		0FEE1E0E1BADF9F200EDA718 /* PanaceaTutoring */ = {
			isa = PBXGroup;
			children = (
				0FEE1E121BADF9F200EDA718 /* AppDelegate.h */,
				0FEE1E131BADF9F200EDA718 /* AppDelegate.m */,
				0FEE1E151BADF9F200EDA718 /* ViewController.h */,
				0FEE1E161BADF9F200EDA718 /* ViewController.m */,
				0FEE1E181BADF9F200EDA718 /* Main.storyboard */,
				0FEE1E1B1BADF9F200EDA718 /* Assets.xcassets */,
				0FEE1E1D1BADF9F200EDA718 /* LaunchScreen.storyboard */,
				0FEE1E201BADF9F200EDA718 /* Info.plist */,
				0FEE1E0F1BADF9F200EDA718 /* Supporting Files */,
			);
			path = PanaceaTutoring;
			sourceTree = "<group>";
		};
		0FEE1E0F1BADF9F200EDA718 /* Supporting Files */ = {
			isa = PBXGroup;
			children = (
				0FEE1E101BADF9F200EDA718 /* main.m */,
			);
			name = "Supporting Files";
			sourceTree = "<group>";
		};
		0FEE1E281BADF9F200EDA718 /* PanaceaTutoringTests */ = {
			isa = PBXGroup;
			children = (
				0FEE1E291BADF9F200EDA718 /* PanaceaTutoringTests.m */,
				0FEE1E2B1BADF9F200EDA718 /* Info.plist */,
			);
			path = PanaceaTutoringTests;
			sourceTree = "<group>";
		};
		0FEE1E331BADF9F200EDA718 /* PanaceaTutoringUITests */ = {
			isa = PBXGroup;
			children = (
				0FEE1E341BADF9F200EDA718 /* PanaceaTutoringUITests.m */,
				0FEE1E361BADF9F200EDA718 /* Info.plist */,
			);
			path = PanaceaTutoringUITests;
			sourceTree = "<group>";
		};
/* End PBXGroup section */

/* Begin PBXNativeTarget section */
		0FEE1E0B1BADF9F200EDA718 /* PanaceaTutoring */ = {
			isa = PBXNativeTarget;
			buildConfigurationList = 0FEE1E391BADF9F200EDA718 /* Build configuration list for PBXNativeTarget "PanaceaTutoring" */;
			buildPhases = (
				0FEE1E081BADF9F200EDA718 /* Sources */,
				0FEE1E091BADF9F200EDA718 /* Frameworks */,
				0FEE1E0A1BADF9F200EDA718 /* Resources */,
			);
			buildRules = (
			);
			dependencies = (
			);
			name = PanaceaTutoring;
			productName = PanaceaTutoring;
			productReference = 0FEE1E0C1BADF9F200EDA718 /* PanaceaTutoring.app */;
			productType = "com.apple.product-type.application";
		};
		0FEE1E241BADF9F200EDA718 /* PanaceaTutoringTests */ = {
			isa = PBXNativeTarget;
			buildConfigurationList = 0FEE1E3C1BADF9F200EDA718 /* Build configuration list for PBXNativeTarget "PanaceaTutoringTests" */;
			buildPhases = (
				0FEE1E211BADF9F200EDA718 /* Sources */,
				0FEE1E221BADF9F200EDA718 /* Frameworks */,
				0FEE1E231BADF9F200EDA718 /* Resources */,
			);
			buildRules = (
			);
			dependencies = (
				0FEE1E271BADF9F200EDA718 /* PBXTargetDependency */,
			);
			name = PanaceaTutoringTests;
			productName = PanaceaTutoringTests;
			productReference = 0FEE1E251BADF9F200EDA718 /* PanaceaTutoringTests.xctest */;
			productType = "com.apple.product-type.bundle.unit-test";
		};
		0FEE1E2F1BADF9F200EDA718 /* PanaceaTutoringUITests */ = {
			isa = PBXNativeTarget;
			buildConfigurationList = 0FEE1E3F1BADF9F200EDA718 /* Build configuration list for PBXNativeTarget "PanaceaTutoringUITests" */;
			buildPhases = (
				0FEE1E2C1BADF9F200EDA718 /* Sources */,
				0FEE1E2D1BADF9F200EDA718 /* Frameworks */,
				0FEE1E2E1BADF9F200EDA718 /* Resources */,
			);
			buildRules = (
			);
			dependencies = (
				0FEE1E321BADF9F200EDA718 /* PBXTargetDependency */,
			);
			name = PanaceaTutoringUITests;
			productName = PanaceaTutoringUITests;
			productReference = 0FEE1E301BADF9F200EDA718 /* PanaceaTutoringUITests.xctest */;
			productType = "com.apple.product-type.bundle.ui-testing";
		};
/* End PBXNativeTarget section */

/* Begin PBXProject section */
		0FEE1E041BADF9F200EDA718 /* Project object */ = {
			isa = PBXProject;
			attributes = {
				LastUpgradeCheck = 0700;
				ORGANIZATIONNAME = Panacea;
				TargetAttributes = {
					0FEE1E0B1BADF9F200EDA718 = {
						CreatedOnToolsVersion = 7.0;
					};
					0FEE1E241BADF9F200EDA718 = {
						CreatedOnToolsVersion = 7.0;
						TestTargetID = 0FEE1E0B1BADF9F200EDA718;
					};
					0FEE1E2F1BADF9F200EDA718 = {
						CreatedOnToolsVersion = 7.0;
						TestTargetID = 0FEE1E0B1BADF9F200EDA718;
					};
				};
			};
			buildConfigurationList = 0FEE1E071BADF9F200EDA718 /* Build configuration list for PBXProject "PanaceaTutoring" */;
			compatibilityVersion = "Xcode 3.2";
			developmentRegion = English;
			hasScannedForEncodings = 0;
			knownRegions = (
				en,
				Base,
			);
			mainGroup = 0FEE1E031BADF9F200EDA718;
			productRefGroup = 0FEE1E0D1BADF9F200EDA718 /* Products */;
			projectDirPath = "";
			projectRoot = "";
			targets = (
				0FEE1E0B1BADF9F200EDA718 /* PanaceaTutoring */,
				0FEE1E241BADF9F200EDA718 /* PanaceaTutoringTests */,
				0FEE1E2F1BADF9F200EDA718 /* PanaceaTutoringUITests */,
			);
		};
/* End PBXProject section */

/* Begin PBXResourcesBuildPhase section */
		0FEE1E0A1BADF9F200EDA718 /* Resources */ = {
			isa = PBXResourcesBuildPhase;
			buildActionMask = 2147483647;
			files = (
				0FEE1E1F1BADF9F200EDA718 /* LaunchScreen.storyboard in Resources */,
				0FEE1E1C1BADF9F200EDA718 /* Assets.xcassets in Resources */,
				0FEE1E1A1BADF9F200EDA718 /* Main.storyboard in Resources */,
			);
			runOnlyForDeploymentPostprocessing = 0;
		};
		0FEE1E231BADF9F200EDA718 /* Resources */ = {
			isa = PBXResourcesBuildPhase;
			buildActionMask = 2147483647;
			files = (
			);
			runOnlyForDeploymentPostprocessing = 0;
		};
		0FEE1E2E1BADF9F200EDA718 /* Resources */ = {
			isa = PBXResourcesBuildPhase;
			buildActionMask = 2147483647;
			files = (
			);
			runOnlyForDeploymentPostprocessing = 0;
		};
/* End PBXResourcesBuildPhase section */

/* Begin PBXSourcesBuildPhase section */
		0FEE1E081BADF9F200EDA718 /* Sources */ = {
			isa = PBXSourcesBuildPhase;
			buildActionMask = 2147483647;
			files = (
				0FEE1E171BADF9F200EDA718 /* ViewController.m in Sources */,
				0FEE1E141BADF9F200EDA718 /* AppDelegate.m in Sources */,
				0FEE1E111BADF9F200EDA718 /* main.m in Sources */,
			);
			runOnlyForDeploymentPostprocessing = 0;
		};
		0FEE1E211BADF9F200EDA718 /* Sources */ = {
			isa = PBXSourcesBuildPhase;
			buildActionMask = 2147483647;
			files = (
				0FEE1E2A1BADF9F200EDA718 /* PanaceaTutoringTests.m in Sources */,
			);
			runOnlyForDeploymentPostprocessing = 0;
		};
		0FEE1E2C1BADF9F200EDA718 /* Sources */ = {
			isa = PBXSourcesBuildPhase;
			buildActionMask = 2147483647;
			files = (
				0FEE1E351BADF9F200EDA718 /* PanaceaTutoringUITests.m in Sources */,
			);
			runOnlyForDeploymentPostprocessing = 0;
		};
/* End PBXSourcesBuildPhase section */

/* Begin PBXTargetDependency section */
		0FEE1E271BADF9F200EDA718 /* PBXTargetDependency */ = {
			isa = PBXTargetDependency;
			target = 0FEE1E0B1BADF9F200EDA718 /* PanaceaTutoring */;
			targetProxy = 0FEE1E261BADF9F200EDA718 /* PBXContainerItemProxy */;
		};
		0FEE1E321BADF9F200EDA718 /* PBXTargetDependency */ = {
			isa = PBXTargetDependency;
			target = 0FEE1E0B1BADF9F200EDA718 /* PanaceaTutoring */;
			targetProxy = 0FEE1E311BADF9F200EDA718 /* PBXContainerItemProxy */;
		};
/* End PBXTargetDependency section */

/* Begin PBXVariantGroup section */
		0FEE1E181BADF9F200EDA718 /* Main.storyboard */ = {
			isa = PBXVariantGroup;
			children = (
				0FEE1E191BADF9F200EDA718 /* Base */,
			);
			name = Main.storyboard;
			sourceTree = "<group>";
		};
		0FEE1E1D1BADF9F200EDA718 /* LaunchScreen.storyboard */ = {
			isa = PBXVariantGroup;
			children = (
				0FEE1E1E1BADF9F200EDA718 /* Base */,
			);
			name = LaunchScreen.storyboard;
			sourceTree = "<group>";
		};
/* End PBXVariantGroup section */

/* Begin XCBuildConfiguration section */
		0FEE1E371BADF9F200EDA718 /* Debug */ = {
			isa = XCBuildConfiguration;
			buildSettings = {
				ALWAYS_SEARCH_USER_PATHS = NO;
				CLANG_CXX_LANGUAGE_STANDARD = "gnu++0x";
				CLANG_CXX_LIBRARY = "libc++";
				CLANG_ENABLE_MODULES = YES;
				CLANG_ENABLE_OBJC_ARC = YES;
				CLANG_WARN_BOOL_CONVERSION = YES;
				CLANG_WARN_CONSTANT_CONVERSION = YES;
				CLANG_WARN_DIRECT_OBJC_ISA_USAGE = YES_ERROR;
				CLANG_WARN_EMPTY_BODY = YES;
				CLANG_WARN_ENUM_CONVERSION = YES;
				CLANG_WARN_INT_CONVERSION = YES;
				CLANG_WARN_OBJC_ROOT_CLASS = YES_ERROR;
				CLANG_WARN_UNREACHABLE_CODE = YES;
				CLANG_WARN__DUPLICATE_METHOD_MATCH = YES;
				"CODE_SIGN_IDENTITY[sdk=iphoneos*]" = "iPhone Developer";
				COPY_PHASE_STRIP = NO;
				DEBUG_INFORMATION_FORMAT = dwarf;
				ENABLE_STRICT_OBJC_MSGSEND = YES;
				ENABLE_TESTABILITY = YES;
				GCC_C_LANGUAGE_STANDARD = gnu99;
				GCC_DYNAMIC_NO_PIC = NO;
				GCC_NO_COMMON_BLOCKS = YES;
				GCC_OPTIMIZATION_LEVEL = 0;
				GCC_PREPROCESSOR_DEFINITIONS = (
					"DEBUG=1",
					"$(inherited)",
				);
				GCC_WARN_64_TO_32_BIT_CONVERSION = YES;
				GCC_WARN_ABOUT_RETURN_TYPE = YES_ERROR;
				GCC_WARN_UNDECLARED_SELECTOR = YES;
				GCC_WARN_UNINITIALIZED_AUTOS = YES_AGGRESSIVE;
				GCC_WARN_UNUSED_FUNCTION = YES;
				GCC_WARN_UNUSED_VARIABLE = YES;
				IPHONEOS_DEPLOYMENT_TARGET = 9.0;
				MTL_ENABLE_DEBUG_INFO = YES;
				ONLY_ACTIVE_ARCH = YES;
				SDKROOT = iphoneos;
			};
			name = Debug;
		};
		0FEE1E381BADF9F200EDA718 /* Release */ = {
			isa = XCBuildConfiguration;
			buildSettings = {
				ALWAYS_SEARCH_USER_PATHS = NO;
				CLANG_CXX_LANGUAGE_STANDARD = "gnu++0x";
				CLANG_CXX_LIBRARY = "libc++";
				CLANG_ENABLE_MODULES = YES;
				CLANG_ENABLE_OBJC_ARC = YES;
				CLANG_WARN_BOOL_CONVERSION = YES;
				CLANG_WARN_CONSTANT_CONVERSION = YES;
				CLANG_WARN_DIRECT_OBJC_ISA_USAGE = YES_ERROR;
				CLANG_WARN_EMPTY_BODY = YES;
				CLANG_WARN_ENUM_CONVERSION = YES;
				CLANG_WARN_INT_CONVERSION = YES;
				CLANG_WARN_OBJC_ROOT_CLASS = YES_ERROR;
				CLANG_WARN_UNREACHABLE_CODE = YES;
				CLANG_WARN__DUPLICATE_METHOD_MATCH = YES;
				"CODE_SIGN_IDENTITY[sdk=iphoneos*]" = "iPhone Developer";
				COPY_PHASE_STRIP = NO;
				DEBUG_INFORMATION_FORMAT = "dwarf-with-dsym";
				ENABLE_NS_ASSERTIONS = NO;
				ENABLE_STRICT_OBJC_MSGSEND = YES;
				GCC_C_LANGUAGE_STANDARD = gnu99;
				GCC_NO_COMMON_BLOCKS = YES;
				GCC_WARN_64_TO_32_BIT_CONVERSION = YES;
				GCC_WARN_ABOUT_RETURN_TYPE = YES_ERROR;
				GCC_WARN_UNDECLARED_SELECTOR = YES;
				GCC_WARN_UNINITIALIZED_AUTOS = YES_AGGRESSIVE;
				GCC_WARN_UNUSED_FUNCTION = YES;
				GCC_WARN_UNUSED_VARIABLE = YES;
				IPHONEOS_DEPLOYMENT_TARGET = 9.0;
				MTL_ENABLE_DEBUG_INFO = NO;
				SDKROOT = iphoneos;
				VALIDATE_PRODUCT = YES;
			};
			name = Release;
		};
		0FEE1E3A1BADF9F200EDA718 /* Debug */ = {
			isa = XCBuildConfiguration;
			buildSettings = {
				ASSETCATALOG_COMPILER_APPICON_NAME = AppIcon;
				INFOPLIST_FILE = PanaceaTutoring/Info.plist;
				LD_RUNPATH_SEARCH_PATHS = "$(inherited) @executable_path/Frameworks";
				PRODUCT_BUNDLE_IDENTIFIER = pnc.PanaceaTutoring;
				PRODUCT_NAME = "$(TARGET_NAME)";
			};
			name = Debug;
		};
		0FEE1E3B1BADF9F200EDA718 /* Release */ = {
			isa = XCBuildConfiguration;
			buildSettings = {
				ASSETCATALOG_COMPILER_APPICON_NAME = AppIcon;
				INFOPLIST_FILE = PanaceaTutoring/Info.plist;
				LD_RUNPATH_SEARCH_PATHS = "$(inherited) @executable_path/Frameworks";
				PRODUCT_BUNDLE_IDENTIFIER = pnc.PanaceaTutoring;
				PRODUCT_NAME = "$(TARGET_NAME)";
			};
			name = Release;
		};
		0FEE1E3D1BADF9F200EDA718 /* Debug */ = {
			isa = XCBuildConfiguration;
			buildSettings = {
				BUNDLE_LOADER = "$(TEST_HOST)";
				INFOPLIST_FILE = PanaceaTutoringTests/Info.plist;
				LD_RUNPATH_SEARCH_PATHS = "$(inherited) @executable_path/Frameworks @loader_path/Frameworks";
				PRODUCT_BUNDLE_IDENTIFIER = pnc.PanaceaTutoringTests;
				PRODUCT_NAME = "$(TARGET_NAME)";
				TEST_HOST = "$(BUILT_PRODUCTS_DIR)/PanaceaTutoring.app/PanaceaTutoring";
			};
			name = Debug;
		};
		0FEE1E3E1BADF9F200EDA718 /* Release */ = {
			isa = XCBuildConfiguration;
			buildSettings = {
				BUNDLE_LOADER = "$(TEST_HOST)";
				INFOPLIST_FILE = PanaceaTutoringTests/Info.plist;
				LD_RUNPATH_SEARCH_PATHS = "$(inherited) @executable_path/Frameworks @loader_path/Frameworks";
				PRODUCT_BUNDLE_IDENTIFIER = pnc.PanaceaTutoringTests;
				PRODUCT_NAME = "$(TARGET_NAME)";
				TEST_HOST = "$(BUILT_PRODUCTS_DIR)/PanaceaTutoring.app/PanaceaTutoring";
			};
			name = Release;
		};
		0FEE1E401BADF9F200EDA718 /* Debug */ = {
			isa = XCBuildConfiguration;
			buildSettings = {
				INFOPLIST_FILE = PanaceaTutoringUITests/Info.plist;
				LD_RUNPATH_SEARCH_PATHS = "$(inherited) @executable_path/Frameworks @loader_path/Frameworks";
				PRODUCT_BUNDLE_IDENTIFIER = pnc.PanaceaTutoringUITests;
				PRODUCT_NAME = "$(TARGET_NAME)";
				TEST_TARGET_NAME = PanaceaTutoring;
				USES_XCTRUNNER = YES;
			};
			name = Debug;
		};
		0FEE1E411BADF9F200EDA718 /* Release */ = {
			isa = XCBuildConfiguration;
			buildSettings = {
				INFOPLIST_FILE = PanaceaTutoringUITests/Info.plist;
				LD_RUNPATH_SEARCH_PATHS = "$(inherited) @executable_path/Frameworks @loader_path/Frameworks";
				PRODUCT_BUNDLE_IDENTIFIER = pnc.PanaceaTutoringUITests;
				PRODUCT_NAME = "$(TARGET_NAME)";
				TEST_TARGET_NAME = PanaceaTutoring;
				USES_XCTRUNNER = YES;
			};
			name = Release;
		};
/* End XCBuildConfiguration section */

/* Begin XCConfigurationList section */
		0FEE1E071BADF9F200EDA718 /* Build configuration list for PBXProject "PanaceaTutoring" */ = {
			isa = XCConfigurationList;
			buildConfigurations = (
				0FEE1E371BADF9F200EDA718 /* Debug */,
				0FEE1E381BADF9F200EDA718 /* Release */,
			);
			defaultConfigurationIsVisible = 0;
			defaultConfigurationName = Release;
		};
		0FEE1E391BADF9F200EDA718 /* Build configuration list for PBXNativeTarget "PanaceaTutoring" */ = {
			isa = XCConfigurationList;
			buildConfigurations = (
				0FEE1E3A1BADF9F200EDA718 /* Debug */,
				0FEE1E3B1BADF9F200EDA718 /* Release */,
			);
			defaultConfigurationIsVisible = 0;
		};
		0FEE1E3C1BADF9F200EDA718 /* Build configuration list for PBXNativeTarget "PanaceaTutoringTests" */ = {
			isa = XCConfigurationList;
			buildConfigurations = (
				0FEE1E3D1BADF9F200EDA718 /* Debug */,
				0FEE1E3E1BADF9F200EDA718 /* Release */,
			);
			defaultConfigurationIsVisible = 0;
		};
		0FEE1E3F1BADF9F200EDA718 /* Build configuration list for PBXNativeTarget "PanaceaTutoringUITests" */ = {
			isa = XCConfigurationList;
			buildConfigurations = (
				0FEE1E401BADF9F200EDA718 /* Debug */,
				0FEE1E411BADF9F200EDA718 /* Release */,
			);
			defaultConfigurationIsVisible = 0;
		};
/* End XCConfigurationList section */
	};
	rootObject = 0FEE1E041BADF9F200EDA718 /* Project object */;
}
